
Microsoft Visual Studio Solution File, Format Version 12.00
# Visual Studio Version 17
VisualStudioVersion = 17.7.34003.232
MinimumVisualStudioVersion = 10.0.40219.1
Project("{FAE04EC0-301F-11D3-BF4B-00C04F79EFBC}") = "Задание 1. Метод разделения строки на слова", "Задание 1. Метод разделения строки на слова\Задание 1. Метод разделения строки на слова.csproj", "{D9C73E3F-39B3-4072-9BE6-0D6EE595A902}"
EndProject
Project("{FAE04EC0-301F-11D3-BF4B-00C04F79EFBC}") = "Задание 2. Перестановка слов в предложении", "Задание 2. Перестановка слов в предложении\Задание 2. Перестановка слов в предложении.csproj", "{E354DD02-4874-490E-B859-3A4B78EEF60E}"
EndProject
Global
	GlobalSection(SolutionConfigurationPlatforms) = preSolution
		Debug|Any CPU = Debug|Any CPU
		Release|Any CPU = Release|Any CPU
	EndGlobalSection
	GlobalSection(ProjectConfigurationPlatforms) = postSolution
		{D9C73E3F-39B3-4072-9BE6-0D6EE595A902}.Debug|Any CPU.ActiveCfg = Debug|Any CPU
		{D9C73E3F-39B3-4072-9BE6-0D6EE595A902}.Debug|Any CPU.Build.0 = Debug|Any CPU
		{D9C73E3F-39B3-4072-9BE6-0D6EE595A902}.Release|Any CPU.ActiveCfg = Release|Any CPU
		{D9C73E3F-39B3-4072-9BE6-0D6EE595A902}.Release|Any CPU.Build.0 = Release|Any CPU
		{E354DD02-4874-490E-B859-3A4B78EEF60E}.Debug|Any CPU.ActiveCfg = Debug|Any CPU
		{E354DD02-4874-490E-B859-3A4B78EEF60E}.Debug|Any CPU.Build.0 = Debug|Any CPU
		{E354DD02-4874-490E-B859-3A4B78EEF60E}.Release|Any CPU.ActiveCfg = Release|Any CPU
		{E354DD02-4874-490E-B859-3A4B78EEF60E}.Release|Any CPU.Build.0 = Release|Any CPU
	EndGlobalSection
	GlobalSection(SolutionProperties) = preSolution
		HideSolutionNode = FALSE
	EndGlobalSection
	GlobalSection(ExtensibilityGlobals) = postSolution
		SolutionGuid = {94F81567-948F-43ED-B3B6-458391E46725}
	EndGlobalSection
EndGlobal
